
Microsoft Visual Studio Solution File, Format Version 12.00
# Visual Studio Version 17
VisualStudioVersion = 17.8.34330.188
MinimumVisualStudioVersion = 10.0.40219.1
Project("{8BC9CEB8-8B4A-11D0-8D11-00A0C91BC942}") = "BrickDrop", "BrickDrop\BrickDrop.vcxproj", "{0926A824-A75F-46D1-A5A0-3A73F7471C00}"
EndProject
Global
	GlobalSection(SolutionConfigurationPlatforms) = preSolution
		Debug|x64 = Debug|x64
		Debug|x86 = Debug|x86
		Release|x64 = Release|x64
		Release|x86 = Release|x86
	EndGlobalSection
	GlobalSection(ProjectConfigurationPlatforms) = postSolution
		{0926A824-A75F-46D1-A5A0-3A73F7471C00}.Debug|x64.ActiveCfg = Debug|x64
		{0926A824-A75F-46D1-A5A0-3A73F7471C00}.Debug|x64.Build.0 = Debug|x64
		{0926A824-A75F-46D1-A5A0-3A73F7471C00}.Debug|x86.ActiveCfg = Debug|Win32
		{0926A824-A75F-46D1-A5A0-3A73F7471C00}.Debug|x86.Build.0 = Debug|Win32
		{0926A824-A75F-46D1-A5A0-3A73F7471C00}.Release|x64.ActiveCfg = Release|x64
		{0926A824-A75F-46D1-A5A0-3A73F7471C00}.Release|x64.Build.0 = Release|x64
		{0926A824-A75F-46D1-A5A0-3A73F7471C00}.Release|x86.ActiveCfg = Release|Win32
		{0926A824-A75F-46D1-A5A0-3A73F7471C00}.Release|x86.Build.0 = Release|Win32
	EndGlobalSection
	GlobalSection(SolutionProperties) = preSolution
		HideSolutionNode = FALSE
	EndGlobalSection
	GlobalSection(ExtensibilityGlobals) = postSolution
		SolutionGuid = {C6EED358-C503-430B-B620-5B07011DE311}
	EndGlobalSection
EndGlobal
